
Microsoft Visual Studio Solution File, Format Version 12.00
# Visual Studio 15
VisualStudioVersion = 15.0.26124.0
MinimumVisualStudioVersion = 15.0.26124.0
Project("{FAE04EC0-301F-11D3-BF4B-00C04F79EFBC}") = "CoreAPI", "CoreAPI\CoreAPI.csproj", "{3C91E7C0-F3BD-4A2F-A72B-F49C3DCE442C}"
EndProject
Project("{FAE04EC0-301F-11D3-BF4B-00C04F79EFBC}") = "Core", "Core\Core.csproj", "{AD36FF5A-E15B-4F94-9C51-8751D43E7500}"
EndProject
Project("{FAE04EC0-301F-11D3-BF4B-00C04F79EFBC}") = "Infrastructure", "Infrastructure\Infrastructure.csproj", "{F87F2178-7E65-416C-B555-CE8404D4147F}"
EndProject
Global
	GlobalSection(SolutionConfigurationPlatforms) = preSolution
		Debug|Any CPU = Debug|Any CPU
		Debug|x64 = Debug|x64
		Debug|x86 = Debug|x86
		Release|Any CPU = Release|Any CPU
		Release|x64 = Release|x64
		Release|x86 = Release|x86
	EndGlobalSection
	GlobalSection(SolutionProperties) = preSolution
		HideSolutionNode = FALSE
	EndGlobalSection
	GlobalSection(ProjectConfigurationPlatforms) = postSolution
		{3C91E7C0-F3BD-4A2F-A72B-F49C3DCE442C}.Debug|Any CPU.ActiveCfg = Debug|Any CPU
		{3C91E7C0-F3BD-4A2F-A72B-F49C3DCE442C}.Debug|Any CPU.Build.0 = Debug|Any CPU
		{3C91E7C0-F3BD-4A2F-A72B-F49C3DCE442C}.Debug|x64.ActiveCfg = Debug|Any CPU
		{3C91E7C0-F3BD-4A2F-A72B-F49C3DCE442C}.Debug|x64.Build.0 = Debug|Any CPU
		{3C91E7C0-F3BD-4A2F-A72B-F49C3DCE442C}.Debug|x86.ActiveCfg = Debug|Any CPU
		{3C91E7C0-F3BD-4A2F-A72B-F49C3DCE442C}.Debug|x86.Build.0 = Debug|Any CPU
		{3C91E7C0-F3BD-4A2F-A72B-F49C3DCE442C}.Release|Any CPU.ActiveCfg = Release|Any CPU
		{3C91E7C0-F3BD-4A2F-A72B-F49C3DCE442C}.Release|Any CPU.Build.0 = Release|Any CPU
		{3C91E7C0-F3BD-4A2F-A72B-F49C3DCE442C}.Release|x64.ActiveCfg = Release|Any CPU
		{3C91E7C0-F3BD-4A2F-A72B-F49C3DCE442C}.Release|x64.Build.0 = Release|Any CPU
		{3C91E7C0-F3BD-4A2F-A72B-F49C3DCE442C}.Release|x86.ActiveCfg = Release|Any CPU
		{3C91E7C0-F3BD-4A2F-A72B-F49C3DCE442C}.Release|x86.Build.0 = Release|Any CPU
		{AD36FF5A-E15B-4F94-9C51-8751D43E7500}.Debug|Any CPU.ActiveCfg = Debug|Any CPU
		{AD36FF5A-E15B-4F94-9C51-8751D43E7500}.Debug|Any CPU.Build.0 = Debug|Any CPU
		{AD36FF5A-E15B-4F94-9C51-8751D43E7500}.Debug|x64.ActiveCfg = Debug|Any CPU
		{AD36FF5A-E15B-4F94-9C51-8751D43E7500}.Debug|x64.Build.0 = Debug|Any CPU
		{AD36FF5A-E15B-4F94-9C51-8751D43E7500}.Debug|x86.ActiveCfg = Debug|Any CPU
		{AD36FF5A-E15B-4F94-9C51-8751D43E7500}.Debug|x86.Build.0 = Debug|Any CPU
		{AD36FF5A-E15B-4F94-9C51-8751D43E7500}.Release|Any CPU.ActiveCfg = Release|Any CPU
		{AD36FF5A-E15B-4F94-9C51-8751D43E7500}.Release|Any CPU.Build.0 = Release|Any CPU
		{AD36FF5A-E15B-4F94-9C51-8751D43E7500}.Release|x64.ActiveCfg = Release|Any CPU
		{AD36FF5A-E15B-4F94-9C51-8751D43E7500}.Release|x64.Build.0 = Release|Any CPU
		{AD36FF5A-E15B-4F94-9C51-8751D43E7500}.Release|x86.ActiveCfg = Release|Any CPU
		{AD36FF5A-E15B-4F94-9C51-8751D43E7500}.Release|x86.Build.0 = Release|Any CPU
		{F87F2178-7E65-416C-B555-CE8404D4147F}.Debug|Any CPU.ActiveCfg = Debug|Any CPU
		{F87F2178-7E65-416C-B555-CE8404D4147F}.Debug|Any CPU.Build.0 = Debug|Any CPU
		{F87F2178-7E65-416C-B555-CE8404D4147F}.Debug|x64.ActiveCfg = Debug|Any CPU
		{F87F2178-7E65-416C-B555-CE8404D4147F}.Debug|x64.Build.0 = Debug|Any CPU
		{F87F2178-7E65-416C-B555-CE8404D4147F}.Debug|x86.ActiveCfg = Debug|Any CPU
		{F87F2178-7E65-416C-B555-CE8404D4147F}.Debug|x86.Build.0 = Debug|Any CPU
		{F87F2178-7E65-416C-B555-CE8404D4147F}.Release|Any CPU.ActiveCfg = Release|Any CPU
		{F87F2178-7E65-416C-B555-CE8404D4147F}.Release|Any CPU.Build.0 = Release|Any CPU
		{F87F2178-7E65-416C-B555-CE8404D4147F}.Release|x64.ActiveCfg = Release|Any CPU
		{F87F2178-7E65-416C-B555-CE8404D4147F}.Release|x64.Build.0 = Release|Any CPU
		{F87F2178-7E65-416C-B555-CE8404D4147F}.Release|x86.ActiveCfg = Release|Any CPU
		{F87F2178-7E65-416C-B555-CE8404D4147F}.Release|x86.Build.0 = Release|Any CPU
	EndGlobalSection
EndGlobal
